
Microsoft Visual Studio Solution File, Format Version 12.00
# Visual Studio Version 17
VisualStudioVersion = 17.1.32328.378
MinimumVisualStudioVersion = 10.0.40219.1
Project("{9A19103F-16F7-4668-BE54-9A1E7A4F7556}") = "Task3", "Task3\Task3.csproj", "{0CCF0DEC-5AFF-4CB3-95A9-E0490D2E92AA}"
EndProject
Project("{FAE04EC0-301F-11D3-BF4B-00C04F79EFBC}") = "TestTask3", "TestTask3\TestTask3.csproj", "{3059E330-5E3A-44A6-A1B0-D0DB41F35B16}"
EndProject
Global
	GlobalSection(SolutionConfigurationPlatforms) = preSolution
		Debug|Any CPU = Debug|Any CPU
		Release|Any CPU = Release|Any CPU
	EndGlobalSection
	GlobalSection(ProjectConfigurationPlatforms) = postSolution
		{0CCF0DEC-5AFF-4CB3-95A9-E0490D2E92AA}.Debug|Any CPU.ActiveCfg = Debug|Any CPU
		{0CCF0DEC-5AFF-4CB3-95A9-E0490D2E92AA}.Debug|Any CPU.Build.0 = Debug|Any CPU
		{0CCF0DEC-5AFF-4CB3-95A9-E0490D2E92AA}.Release|Any CPU.ActiveCfg = Release|Any CPU
		{0CCF0DEC-5AFF-4CB3-95A9-E0490D2E92AA}.Release|Any CPU.Build.0 = Release|Any CPU
		{3059E330-5E3A-44A6-A1B0-D0DB41F35B16}.Debug|Any CPU.ActiveCfg = Debug|Any CPU
		{3059E330-5E3A-44A6-A1B0-D0DB41F35B16}.Debug|Any CPU.Build.0 = Debug|Any CPU
		{3059E330-5E3A-44A6-A1B0-D0DB41F35B16}.Release|Any CPU.ActiveCfg = Release|Any CPU
		{3059E330-5E3A-44A6-A1B0-D0DB41F35B16}.Release|Any CPU.Build.0 = Release|Any CPU
	EndGlobalSection
	GlobalSection(SolutionProperties) = preSolution
		HideSolutionNode = FALSE
	EndGlobalSection
	GlobalSection(ExtensibilityGlobals) = postSolution
		SolutionGuid = {43783353-D25A-40B6-BED1-F9FB87247177}
	EndGlobalSection
EndGlobal
